# This file is automatically @generated by Cargo.
# It is not intended for manual editing.
version = 3

[[package]]
name = "adler"
version = "1.0.2"
source = "registry+https://github.com/rust-lang/crates.io-index"
checksum = "f26201604c87b1e01bd3d98f8d5d9a8fcbb815e8cedb41ffccbeb4bf593a35fe"

[[package]]
name = "aho-corasick"
version = "0.7.18"
source = "registry+https://github.com/rust-lang/crates.io-index"
checksum = "1e37cfd5e7657ada45f742d6e99ca5788580b5c529dc78faf11ece6dc702656f"
dependencies = [
 "memchr",
]

[[package]]
name = "annotate-snippets"
version = "0.8.0"
source = "registry+https://github.com/rust-lang/crates.io-index"
checksum = "d78ea013094e5ea606b1c05fe35f1dd7ea1eb1ea259908d040b25bd5ec677ee5"

[[package]]
name = "ansi_term"
version = "0.12.1"
source = "registry+https://github.com/rust-lang/crates.io-index"
checksum = "d52a9bb7ec0cf484c551830a7ce27bd20d67eac647e1befb56b0be4ee39a55d2"
dependencies = [
 "winapi",
]

[[package]]
name = "arbitrary"
version = "1.0.3"
source = "registry+https://github.com/rust-lang/crates.io-index"
checksum = "510c76ecefdceada737ea728f4f9a84bd2e1ef29f1ba555e560940fe279954de"

[[package]]
name = "arrayvec"
version = "0.7.2"
source = "registry+https://github.com/rust-lang/crates.io-index"
checksum = "8da52d66c7071e2e3fa2a1e5c6d088fec47b593032b254f5e980de8ea54454d6"

[[package]]
name = "atty"
version = "0.2.14"
source = "registry+https://github.com/rust-lang/crates.io-index"
checksum = "d9b39be18770d11421cdb1b9947a45dd3f37e93092cbf377614828a319d5fee8"
dependencies = [
 "hermit-abi",
 "libc",
 "winapi",
]

[[package]]
name = "autocfg"
version = "1.0.1"
source = "registry+https://github.com/rust-lang/crates.io-index"
checksum = "cdb031dd78e28731d87d56cc8ffef4a8f36ca26c38fe2de700543e627f8a464a"

[[package]]
name = "bitflags"
version = "1.3.2"
source = "registry+https://github.com/rust-lang/crates.io-index"
checksum = "bef38d45163c2f1dde094a7dfd33ccf595c92905c8f8f4fdc18d06fb1037718a"

[[package]]
name = "block-buffer"
version = "0.9.0"
source = "registry+https://github.com/rust-lang/crates.io-index"
checksum = "4152116fd6e9dadb291ae18fc1ec3575ed6d84c29642d97890f4b4a3417297e4"
dependencies = [
 "generic-array",
]

[[package]]
name = "cc"
version = "1.0.72"
source = "registry+https://github.com/rust-lang/crates.io-index"
checksum = "22a9137b95ea06864e018375b72adfb7db6e6f68cfc8df5a04d00288050485ee"

[[package]]
name = "cfg-if"
version = "0.1.10"
source = "registry+https://github.com/rust-lang/crates.io-index"
checksum = "4785bdd1c96b2a846b2bd7cc02e86b6b3dbf14e7e53446c4f54c92a361040822"

[[package]]
name = "cfg-if"
version = "1.0.0"
source = "registry+https://github.com/rust-lang/crates.io-index"
checksum = "baf1de4339761588bc0619e3cbc0120ee582ebb74b53b4efbf79117bd2da40fd"

[[package]]
name = "chalk-derive"
version = "0.75.0"
source = "registry+https://github.com/rust-lang/crates.io-index"
checksum = "d54e3b5f9e3425e6b119ff07568d8d006bfa5a8d6f78a9cbc3530b1e962e316c"
dependencies = [
 "proc-macro2",
 "quote",
 "syn",
 "synstructure",
]

[[package]]
name = "chalk-engine"
version = "0.75.0"
source = "registry+https://github.com/rust-lang/crates.io-index"
checksum = "bdc891073396b167163db77123b0a3c00088edc00466cecc5531f33e3e989523"
dependencies = [
 "chalk-derive",
 "chalk-ir",
 "chalk-solve",
 "rustc-hash",
 "tracing",
]

[[package]]
name = "chalk-ir"
version = "0.75.0"
source = "registry+https://github.com/rust-lang/crates.io-index"
checksum = "2b79e5a1d04b79311e90c69356a2c62027853906a7e33b3e070b93c055fc3e8a"
dependencies = [
 "bitflags",
 "chalk-derive",
 "lazy_static",
]

[[package]]
name = "chalk-solve"
version = "0.75.0"
source = "registry+https://github.com/rust-lang/crates.io-index"
checksum = "a5d2a1db6605aba70a58820bd80ac422b218913a510f1a40beef9efc5371ea1d"
dependencies = [
 "chalk-derive",
 "chalk-ir",
 "ena",
 "itertools 0.10.3",
 "petgraph",
 "rustc-hash",
 "tracing",
 "tracing-subscriber",
 "tracing-tree",
]

[[package]]
name = "cpufeatures"
version = "0.2.1"
source = "registry+https://github.com/rust-lang/crates.io-index"
checksum = "95059428f66df56b63431fdb4e1947ed2190586af5c5a8a8b71122bdf5a7f469"
dependencies = [
 "libc",
]

[[package]]
name = "crc32fast"
version = "1.3.0"
source = "registry+https://github.com/rust-lang/crates.io-index"
checksum = "738c290dfaea84fc1ca15ad9c168d083b05a714e1efddd8edaab678dc28d2836"
dependencies = [
 "cfg-if 1.0.0",
]

[[package]]
name = "crossbeam-deque"
version = "0.8.1"
source = "registry+https://github.com/rust-lang/crates.io-index"
checksum = "6455c0ca19f0d2fbf751b908d5c55c1f5cbc65e03c4225427254b46890bdde1e"
dependencies = [
 "cfg-if 1.0.0",
 "crossbeam-epoch",
 "crossbeam-utils",
]

[[package]]
name = "crossbeam-epoch"
version = "0.9.6"
source = "registry+https://github.com/rust-lang/crates.io-index"
checksum = "97242a70df9b89a65d0b6df3c4bf5b9ce03c5b7309019777fbde37e7537f8762"
dependencies = [
 "cfg-if 1.0.0",
 "crossbeam-utils",
 "lazy_static",
 "memoffset",
 "scopeguard",
]

[[package]]
name = "crossbeam-utils"
version = "0.8.6"
source = "registry+https://github.com/rust-lang/crates.io-index"
checksum = "cfcae03edb34f947e64acdb1c33ec169824e20657e9ecb61cef6c8c74dcb8120"
dependencies = [
 "cfg-if 1.0.0",
 "lazy_static",
]

[[package]]
name = "datafrog"
version = "2.0.1"
source = "registry+https://github.com/rust-lang/crates.io-index"
checksum = "a0afaad2b26fa326569eb264b1363e8ae3357618c43982b3f285f0774ce76b69"

[[package]]
name = "digest"
version = "0.9.0"
source = "registry+https://github.com/rust-lang/crates.io-index"
checksum = "d3dd60d1080a57a05ab032377049e0591415d2b31afd7028356dbf3cc6dcb066"
dependencies = [
 "generic-array",
]

[[package]]
name = "either"
version = "1.6.1"
source = "registry+https://github.com/rust-lang/crates.io-index"
checksum = "e78d4f1cc4ae33bbfc157ed5d5a5ef3bc29227303d595861deb238fcec4e9457"

[[package]]
name = "ena"
version = "0.14.0"
source = "registry+https://github.com/rust-lang/crates.io-index"
checksum = "d7402b94a93c24e742487327a7cd839dc9d36fec9de9fb25b09f2dae459f36c3"
dependencies = [
 "log",
]

[[package]]
name = "fallible-iterator"
version = "0.2.0"
source = "registry+https://github.com/rust-lang/crates.io-index"
checksum = "4443176a9f2c162692bd3d352d745ef9413eec5782a80d8fd6f8a1ac692a07f7"

[[package]]
name = "fastrand"
version = "1.6.0"
source = "registry+https://github.com/rust-lang/crates.io-index"
checksum = "779d043b6a0b90cc4c0ed7ee380a6504394cee7efd7db050e3774eee387324b2"
dependencies = [
 "instant",
]

[[package]]
name = "fixedbitset"
version = "0.2.0"
source = "registry+https://github.com/rust-lang/crates.io-index"
checksum = "37ab347416e802de484e4d03c7316c48f1ecb56574dfd4a46a80f173ce1de04d"

[[package]]
name = "flate2"
version = "1.0.22"
source = "registry+https://github.com/rust-lang/crates.io-index"
checksum = "1e6988e897c1c9c485f43b47a529cef42fde0547f9d8d41a7062518f1d8fc53f"
dependencies = [
 "cfg-if 1.0.0",
 "crc32fast",
 "libc",
 "miniz_oxide",
]

[[package]]
name = "fuzz_rustc"
version = "0.0.1"
dependencies = [
 "libfuzzer-sys",
 "rustc_codegen_ssa",
 "rustc_data_structures",
 "rustc_driver",
 "rustc_errors",
 "rustc_interface",
 "rustc_metadata",
 "rustc_middle",
 "rustc_session",
 "rustc_span",
]

[[package]]
name = "generic-array"
version = "0.14.5"
source = "registry+https://github.com/rust-lang/crates.io-index"
checksum = "fd48d33ec7f05fbfa152300fdad764757cbded343c1aa1cff2fbaf4134851803"
dependencies = [
 "typenum",
 "version_check",
]

[[package]]
name = "getopts"
version = "0.2.21"
source = "registry+https://github.com/rust-lang/crates.io-index"
checksum = "14dbbfd5c71d70241ecf9e6f13737f7b5ce823821063188d7e46c41d371eebd5"
dependencies = [
 "unicode-width",
]

[[package]]
name = "getrandom"
version = "0.1.16"
source = "registry+https://github.com/rust-lang/crates.io-index"
checksum = "8fc3cb4d91f53b50155bdcfd23f6a4c39ae1969c2ae85982b135750cccaf5fce"
dependencies = [
 "cfg-if 1.0.0",
 "libc",
 "wasi 0.9.0+wasi-snapshot-preview1",
]

[[package]]
name = "getrandom"
version = "0.2.3"
source = "registry+https://github.com/rust-lang/crates.io-index"
checksum = "7fcd999463524c52659517fe2cea98493cfe485d10565e7b0fb07dbba7ad2753"
dependencies = [
 "cfg-if 1.0.0",
 "libc",
 "wasi 0.10.2+wasi-snapshot-preview1",
]

[[package]]
name = "gimli"
version = "0.26.1"
source = "registry+https://github.com/rust-lang/crates.io-index"
checksum = "78cc372d058dcf6d5ecd98510e7fbc9e5aec4d21de70f65fea8fecebcd881bd4"
dependencies = [
 "fallible-iterator",
 "indexmap",
 "stable_deref_trait",
]

[[package]]
name = "gsgdt"
version = "0.1.2"
source = "registry+https://github.com/rust-lang/crates.io-index"
checksum = "a0d876ce7262df96262a2a19531da6ff9a86048224d49580a585fc5c04617825"
dependencies = [
 "serde",
]

[[package]]
name = "hashbrown"
version = "0.11.2"
source = "registry+https://github.com/rust-lang/crates.io-index"
checksum = "ab5ef0d4909ef3724cc8cce6ccc8572c5c817592e9285f5464f8e86f8bd3726e"

[[package]]
name = "hermit-abi"
version = "0.1.19"
source = "registry+https://github.com/rust-lang/crates.io-index"
checksum = "62b467343b94ba476dcb2500d242dadbb39557df889310ac77c5d99100aaac33"
dependencies = [
 "libc",
]

[[package]]
name = "if_chain"
version = "1.0.2"
source = "registry+https://github.com/rust-lang/crates.io-index"
checksum = "cb56e1aa765b4b4f3aadfab769793b7087bb03a4ea4920644a6d238e2df5b9ed"

[[package]]
name = "indexmap"
version = "1.8.0"
source = "registry+https://github.com/rust-lang/crates.io-index"
checksum = "282a6247722caba404c065016bbfa522806e51714c34f5dfc3e4a3a46fcb4223"
dependencies = [
 "autocfg",
 "hashbrown",
]

[[package]]
name = "instant"
version = "0.1.12"
source = "registry+https://github.com/rust-lang/crates.io-index"
checksum = "7a5bbe824c507c5da5956355e86a746d82e0e1464f65d862cc5e71da70e94b2c"
dependencies = [
 "cfg-if 1.0.0",
]

[[package]]
name = "itertools"
version = "0.9.0"
source = "registry+https://github.com/rust-lang/crates.io-index"
checksum = "284f18f85651fe11e8a991b2adb42cb078325c996ed026d994719efcfca1d54b"
dependencies = [
 "either",
]

[[package]]
name = "itertools"
version = "0.10.3"
source = "registry+https://github.com/rust-lang/crates.io-index"
checksum = "a9a9d19fa1e79b6215ff29b9d6880b706147f16e9b1dbb1e4e5947b5b02bc5e3"
dependencies = [
 "either",
]

[[package]]
name = "itoa"
version = "1.0.1"
source = "registry+https://github.com/rust-lang/crates.io-index"
checksum = "1aab8fc367588b89dcee83ab0fd66b72b50b72fa1904d7095045ace2b0c81c35"

[[package]]
name = "jobserver"
version = "0.1.24"
source = "registry+https://github.com/rust-lang/crates.io-index"
checksum = "af25a77299a7f711a01975c35a6a424eb6862092cc2d6c72c4ed6cbc56dfc1fa"
dependencies = [
 "libc",
]

[[package]]
name = "lazy_static"
version = "1.4.0"
source = "registry+https://github.com/rust-lang/crates.io-index"
checksum = "e2abad23fbc42b3700f2f279844dc832adb2b2eb069b2df918f455c4e18cc646"

[[package]]
name = "libc"
version = "0.2.112"
source = "registry+https://github.com/rust-lang/crates.io-index"
checksum = "1b03d17f364a3a042d5e5d46b053bbbf82c92c9430c592dd4c064dc6ee997125"

[[package]]
name = "libfuzzer-sys"
version = "0.4.2"
source = "registry+https://github.com/rust-lang/crates.io-index"
checksum = "36a9a84a6e8b55dfefb04235e55edb2b9a2a18488fcae777a6bdaa6f06f1deb3"
dependencies = [
 "arbitrary",
 "cc",
 "once_cell",
]

[[package]]
name = "libloading"
version = "0.7.2"
source = "registry+https://github.com/rust-lang/crates.io-index"
checksum = "afe203d669ec979b7128619bae5a63b7b42e9203c1b29146079ee05e2f604b52"
dependencies = [
 "cfg-if 1.0.0",
 "winapi",
]

[[package]]
name = "lock_api"
version = "0.4.5"
source = "registry+https://github.com/rust-lang/crates.io-index"
checksum = "712a4d093c9976e24e7dbca41db895dabcbac38eb5f4045393d17a95bdfb1109"
dependencies = [
 "scopeguard",
]

[[package]]
name = "log"
version = "0.4.14"
source = "registry+https://github.com/rust-lang/crates.io-index"
checksum = "51b9bbe6c47d51fc3e1a9b945965946b4c44142ab8792c50835a980d362c2710"
dependencies = [
 "cfg-if 1.0.0",
]

[[package]]
name = "matchers"
version = "0.1.0"
source = "registry+https://github.com/rust-lang/crates.io-index"
checksum = "8263075bb86c5a1b1427b5ae862e8889656f126e9f77c484496e8b47cf5c5558"
dependencies = [
 "regex-automata",
]

[[package]]
name = "md-5"
version = "0.9.1"
source = "registry+https://github.com/rust-lang/crates.io-index"
checksum = "7b5a279bb9607f9f53c22d496eade00d138d1bdcccd07d74650387cf94942a15"
dependencies = [
 "block-buffer",
 "digest",
 "opaque-debug",
]

[[package]]
name = "measureme"
version = "10.0.0"
source = "registry+https://github.com/rust-lang/crates.io-index"
checksum = "bd460fad6e55ca82fa0cd9dab0d315294188fd9ec6efbf4105e5635d4872ef9c"
dependencies = [
 "log",
 "memmap2",
 "parking_lot",
 "perf-event-open-sys",
 "rustc-hash",
 "smallvec",
]

[[package]]
name = "memchr"
version = "2.4.1"
source = "registry+https://github.com/rust-lang/crates.io-index"
checksum = "308cc39be01b73d0d18f82a0e7b2a3df85245f84af96fdddc5d202d27e47b86a"

[[package]]
name = "memmap2"
version = "0.2.3"
source = "registry+https://github.com/rust-lang/crates.io-index"
checksum = "723e3ebdcdc5c023db1df315364573789f8857c11b631a2fdfad7c00f5c046b4"
dependencies = [
 "libc",
]

[[package]]
name = "memoffset"
version = "0.6.5"
source = "registry+https://github.com/rust-lang/crates.io-index"
checksum = "5aa361d4faea93603064a027415f07bd8e1d5c88c9fbf68bf56a285428fd79ce"
dependencies = [
 "autocfg",
]

[[package]]
name = "miniz_oxide"
version = "0.4.4"
source = "registry+https://github.com/rust-lang/crates.io-index"
checksum = "a92518e98c078586bc6c934028adcca4c92a53d6a958196de835170a01d84e4b"
dependencies = [
 "adler",
 "autocfg",
]

[[package]]
name = "num_cpus"
version = "1.13.1"
source = "registry+https://github.com/rust-lang/crates.io-index"
checksum = "19e64526ebdee182341572e50e9ad03965aa510cd94427a4549448f285e957a1"
dependencies = [
 "hermit-abi",
 "libc",
]

[[package]]
name = "object"
version = "0.26.2"
source = "registry+https://github.com/rust-lang/crates.io-index"
checksum = "39f37e50073ccad23b6d09bcb5b263f4e76d3bb6038e4a3c08e52162ffa8abc2"
dependencies = [
 "crc32fast",
 "indexmap",
 "memchr",
]

[[package]]
name = "object"
version = "0.27.1"
source = "registry+https://github.com/rust-lang/crates.io-index"
checksum = "67ac1d3f9a1d3616fd9a60c8d74296f22406a238b6a72f5cc1e6f314df4ffbf9"
dependencies = [
 "crc32fast",
 "flate2",
 "indexmap",
 "memchr",
]

[[package]]
name = "odht"
version = "0.3.1"
source = "registry+https://github.com/rust-lang/crates.io-index"
checksum = "5a518809ac14b25b569624d0268eba1e88498f71615893dca57982bed7621abb"
dependencies = [
 "cfg-if 1.0.0",
]

[[package]]
name = "once_cell"
version = "1.9.0"
source = "registry+https://github.com/rust-lang/crates.io-index"
checksum = "da32515d9f6e6e489d7bc9d84c71b060db7247dc035bbe44eac88cf87486d8d5"

[[package]]
name = "opaque-debug"
version = "0.3.0"
source = "registry+https://github.com/rust-lang/crates.io-index"
checksum = "624a8340c38c1b80fd549087862da4ba43e08858af025b236e509b6649fc13d5"

[[package]]
name = "parking_lot"
version = "0.11.2"
source = "registry+https://github.com/rust-lang/crates.io-index"
checksum = "7d17b78036a60663b797adeaee46f5c9dfebb86948d1255007a1d6be0271ff99"
dependencies = [
 "instant",
 "lock_api",
 "parking_lot_core",
]

[[package]]
name = "parking_lot_core"
version = "0.8.5"
source = "registry+https://github.com/rust-lang/crates.io-index"
checksum = "d76e8e1493bcac0d2766c42737f34458f1c8c50c0d23bcb24ea953affb273216"
dependencies = [
 "cfg-if 1.0.0",
 "instant",
 "libc",
 "redox_syscall",
 "smallvec",
 "winapi",
]

[[package]]
name = "pathdiff"
version = "0.2.1"
source = "registry+https://github.com/rust-lang/crates.io-index"
checksum = "8835116a5c179084a830efb3adc117ab007512b535bc1a21c991d3b32a6b44dd"

[[package]]
name = "perf-event-open-sys"
version = "1.0.1"
source = "registry+https://github.com/rust-lang/crates.io-index"
checksum = "ce9bedf5da2c234fdf2391ede2b90fabf585355f33100689bc364a3ea558561a"
dependencies = [
 "libc",
]

[[package]]
name = "petgraph"
version = "0.5.1"
source = "registry+https://github.com/rust-lang/crates.io-index"
checksum = "467d164a6de56270bd7c4d070df81d07beace25012d5103ced4e9ff08d6afdb7"
dependencies = [
 "fixedbitset",
 "indexmap",
]

[[package]]
name = "pin-project-lite"
version = "0.2.8"
source = "registry+https://github.com/rust-lang/crates.io-index"
checksum = "e280fbe77cc62c91527259e9442153f4688736748d24660126286329742b4c6c"

[[package]]
name = "polonius-engine"
version = "0.13.0"
source = "registry+https://github.com/rust-lang/crates.io-index"
checksum = "c4e8e505342045d397d0b6674dcb82d6faf5cf40484d30eeb88fc82ef14e903f"
dependencies = [
 "datafrog",
 "log",
 "rustc-hash",
]

[[package]]
name = "ppv-lite86"
version = "0.2.16"
source = "registry+https://github.com/rust-lang/crates.io-index"
checksum = "eb9f9e6e233e5c4a35559a617bf40a4ec447db2e84c20b55a6f83167b7e57872"

[[package]]
name = "proc-macro2"
version = "1.0.36"
source = "registry+https://github.com/rust-lang/crates.io-index"
checksum = "c7342d5883fbccae1cc37a2353b09c87c9b0f3afd73f5fb9bba687a1f733b029"
dependencies = [
 "unicode-xid",
]

[[package]]
name = "psm"
version = "0.1.16"
source = "registry+https://github.com/rust-lang/crates.io-index"
checksum = "cd136ff4382c4753fc061cb9e4712ab2af263376b95bbd5bd8cd50c020b78e69"
dependencies = [
 "cc",
]

[[package]]
name = "punycode"
version = "0.4.1"
source = "registry+https://github.com/rust-lang/crates.io-index"
checksum = "e9e1dcb320d6839f6edb64f7a4a59d39b30480d4d1765b56873f7c858538a5fe"

[[package]]
name = "quote"
version = "1.0.14"
source = "registry+https://github.com/rust-lang/crates.io-index"
checksum = "47aa80447ce4daf1717500037052af176af5d38cc3e571d9ec1c7353fc10c87d"
dependencies = [
 "proc-macro2",
]

[[package]]
name = "rand"
version = "0.7.3"
source = "registry+https://github.com/rust-lang/crates.io-index"
checksum = "6a6b1679d49b24bbfe0c803429aa1874472f50d9b363131f0e89fc356b544d03"
dependencies = [
 "getrandom 0.1.16",
 "libc",
 "rand_chacha 0.2.2",
 "rand_core 0.5.1",
 "rand_hc 0.2.0",
]

[[package]]
name = "rand"
version = "0.8.4"
source = "registry+https://github.com/rust-lang/crates.io-index"
checksum = "2e7573632e6454cf6b99d7aac4ccca54be06da05aca2ef7423d22d27d4d4bcd8"
dependencies = [
 "libc",
 "rand_chacha 0.3.1",
 "rand_core 0.6.3",
 "rand_hc 0.3.1",
]

[[package]]
name = "rand_chacha"
version = "0.2.2"
source = "registry+https://github.com/rust-lang/crates.io-index"
checksum = "f4c8ed856279c9737206bf725bf36935d8666ead7aa69b52be55af369d193402"
dependencies = [
 "ppv-lite86",
 "rand_core 0.5.1",
]

[[package]]
name = "rand_chacha"
version = "0.3.1"
source = "registry+https://github.com/rust-lang/crates.io-index"
checksum = "e6c10a63a0fa32252be49d21e7709d4d4baf8d231c2dbce1eaa8141b9b127d88"
dependencies = [
 "ppv-lite86",
 "rand_core 0.6.3",
]

[[package]]
name = "rand_core"
version = "0.5.1"
source = "registry+https://github.com/rust-lang/crates.io-index"
checksum = "90bde5296fc891b0cef12a6d03ddccc162ce7b2aff54160af9338f8d40df6d19"
dependencies = [
 "getrandom 0.1.16",
]

[[package]]
name = "rand_core"
version = "0.6.3"
source = "registry+https://github.com/rust-lang/crates.io-index"
checksum = "d34f1408f55294453790c48b2f1ebbb1c5b4b7563eb1f418bcfcfdbb06ebb4e7"
dependencies = [
 "getrandom 0.2.3",
]

[[package]]
name = "rand_hc"
version = "0.2.0"
source = "registry+https://github.com/rust-lang/crates.io-index"
checksum = "ca3129af7b92a17112d59ad498c6f81eaf463253766b90396d39ea7a39d6613c"
dependencies = [
 "rand_core 0.5.1",
]

[[package]]
name = "rand_hc"
version = "0.3.1"
source = "registry+https://github.com/rust-lang/crates.io-index"
checksum = "d51e9f596de227fda2ea6c84607f5558e196eeaf43c986b724ba4fb8fdf497e7"
dependencies = [
 "rand_core 0.6.3",
]

[[package]]
name = "rand_xoshiro"
version = "0.6.0"
source = "registry+https://github.com/rust-lang/crates.io-index"
checksum = "6f97cdb2a36ed4183de61b2f824cc45c9f1037f28afe0a322e9fff4c108b5aaa"
dependencies = [
 "rand_core 0.6.3",
]

[[package]]
name = "redox_syscall"
version = "0.2.10"
source = "registry+https://github.com/rust-lang/crates.io-index"
checksum = "8383f39639269cde97d255a32bdb68c047337295414940c68bdd30c2e13203ff"
dependencies = [
 "bitflags",
]

[[package]]
name = "regex"
version = "1.5.4"
source = "registry+https://github.com/rust-lang/crates.io-index"
checksum = "d07a8629359eb56f1e2fb1652bb04212c072a87ba68546a04065d525673ac461"
dependencies = [
 "aho-corasick",
 "memchr",
 "regex-syntax",
]

[[package]]
name = "regex-automata"
version = "0.1.10"
source = "registry+https://github.com/rust-lang/crates.io-index"
checksum = "6c230d73fb8d8c1b9c0b3135c5142a8acee3a0558fb8db5cf1cb65f8d7862132"
dependencies = [
 "regex-syntax",
]

[[package]]
name = "regex-syntax"
version = "0.6.25"
source = "registry+https://github.com/rust-lang/crates.io-index"
checksum = "f497285884f3fcff424ffc933e56d7cbca511def0c9831a7f9b5f6153e3cc89b"

[[package]]
name = "remove_dir_all"
version = "0.5.3"
source = "registry+https://github.com/rust-lang/crates.io-index"
checksum = "3acd125665422973a33ac9d3dd2df85edad0f4ae9b00dafb1a05e43a9f5ef8e7"
dependencies = [
 "winapi",
]

[[package]]
name = "rls-data"
version = "0.19.1"
source = "registry+https://github.com/rust-lang/crates.io-index"
checksum = "a58135eb039f3a3279a33779192f0ee78b56f57ae636e25cec83530e41debb99"
dependencies = [
 "rls-span",
 "serde",
]

[[package]]
name = "rls-span"
version = "0.5.4"
source = "registry+https://github.com/rust-lang/crates.io-index"
checksum = "b6e80f614ad4b37910bfe9b029af19c6f92612bb8e1af66e37d35829bf4ef6d1"
dependencies = [
 "serde",
]

[[package]]
name = "rustc-demangle"
version = "0.1.21"
source = "registry+https://github.com/rust-lang/crates.io-index"
checksum = "7ef03e0a2b150c7a90d01faf6254c9c48a41e95fb2a8c2ac1c6f0d2b9aefc342"

[[package]]
name = "rustc-hash"
version = "1.1.0"
source = "registry+https://github.com/rust-lang/crates.io-index"
checksum = "08d43f7aa6b08d49f382cde6a7982047c3426db949b1424bc4b7ec9ae12c6ce2"

[[package]]
name = "rustc-rayon"
version = "0.3.2"
source = "registry+https://github.com/rust-lang/crates.io-index"
checksum = "9974ab223660e61c1b4e7b43b827379df286736ca988308ce7e16f59f2d89246"
dependencies = [
 "crossbeam-deque",
 "either",
 "rustc-rayon-core",
]

[[package]]
name = "rustc-rayon-core"
version = "0.3.2"
source = "registry+https://github.com/rust-lang/crates.io-index"
checksum = "564bfd27be8db888d0fa76aa4335e7851aaed0c2c11ad1e93aeb9349f6b88500"
dependencies = [
 "crossbeam-deque",
 "crossbeam-utils",
 "lazy_static",
 "num_cpus",
]

[[package]]
name = "rustc_apfloat"
version = "0.0.0"
dependencies = [
 "bitflags",
 "smallvec",
]

[[package]]
name = "rustc_arena"
version = "0.0.0"
dependencies = [
 "rustc_data_structures",
 "smallvec",
]

[[package]]
name = "rustc_ast"
version = "0.0.0"
dependencies = [
 "bitflags",
 "rustc_data_structures",
 "rustc_index",
 "rustc_lexer",
 "rustc_macros",
 "rustc_serialize",
 "rustc_span",
 "smallvec",
 "tracing",
]

[[package]]
name = "rustc_ast_lowering"
version = "0.0.0"
dependencies = [
 "rustc_arena",
 "rustc_ast",
 "rustc_ast_pretty",
 "rustc_data_structures",
 "rustc_errors",
 "rustc_hir",
 "rustc_index",
 "rustc_query_system",
 "rustc_session",
 "rustc_span",
 "rustc_target",
 "smallvec",
 "tracing",
]

[[package]]
name = "rustc_ast_passes"
version = "0.0.0"
dependencies = [
 "itertools 0.9.0",
 "rustc_ast",
 "rustc_ast_pretty",
 "rustc_attr",
 "rustc_data_structures",
 "rustc_errors",
 "rustc_feature",
 "rustc_parse",
 "rustc_session",
 "rustc_span",
 "rustc_target",
 "tracing",
]

[[package]]
name = "rustc_ast_pretty"
version = "0.0.0"
dependencies = [
 "rustc_ast",
 "rustc_span",
 "tracing",
]

[[package]]
name = "rustc_attr"
version = "0.0.0"
dependencies = [
 "rustc_ast",
 "rustc_ast_pretty",
 "rustc_data_structures",
 "rustc_errors",
 "rustc_feature",
 "rustc_lexer",
 "rustc_macros",
 "rustc_serialize",
 "rustc_session",
 "rustc_span",
]

[[package]]
name = "rustc_borrowck"
version = "0.0.0"
dependencies = [
 "either",
 "itertools 0.9.0",
 "polonius-engine",
 "rustc_const_eval",
 "rustc_data_structures",
 "rustc_errors",
 "rustc_graphviz",
 "rustc_hir",
 "rustc_index",
 "rustc_infer",
 "rustc_lexer",
 "rustc_middle",
 "rustc_mir_dataflow",
 "rustc_serialize",
 "rustc_session",
 "rustc_span",
 "rustc_target",
 "rustc_trait_selection",
 "rustc_traits",
 "smallvec",
 "tracing",
]

[[package]]
name = "rustc_builtin_macros"
version = "0.0.0"
dependencies = [
 "rustc_ast",
 "rustc_ast_pretty",
 "rustc_attr",
 "rustc_data_structures",
 "rustc_errors",
 "rustc_expand",
 "rustc_feature",
 "rustc_lexer",
 "rustc_lint_defs",
 "rustc_parse",
 "rustc_parse_format",
 "rustc_session",
 "rustc_span",
 "rustc_target",
 "smallvec",
 "tracing",
]

[[package]]
name = "rustc_codegen_ssa"
version = "0.0.0"
dependencies = [
 "bitflags",
 "cc",
 "itertools 0.9.0",
 "jobserver",
 "libc",
 "object 0.26.2",
 "pathdiff",
 "regex",
 "rustc_apfloat",
 "rustc_arena",
 "rustc_ast",
 "rustc_attr",
 "rustc_data_structures",
 "rustc_errors",
 "rustc_fs_util",
 "rustc_hir",
 "rustc_incremental",
 "rustc_index",
 "rustc_macros",
 "rustc_metadata",
 "rustc_middle",
 "rustc_query_system",
 "rustc_serialize",
 "rustc_session",
 "rustc_span",
 "rustc_symbol_mangling",
 "rustc_target",
 "smallvec",
 "snap",
 "tempfile",
 "thorin-dwp",
 "tracing",
]

[[package]]
name = "rustc_const_eval"
version = "0.0.0"
dependencies = [
 "rustc_apfloat",
 "rustc_ast",
 "rustc_attr",
 "rustc_data_structures",
 "rustc_errors",
 "rustc_hir",
 "rustc_index",
 "rustc_infer",
 "rustc_macros",
 "rustc_middle",
 "rustc_mir_dataflow",
 "rustc_query_system",
 "rustc_session",
 "rustc_span",
 "rustc_target",
 "rustc_trait_selection",
 "tracing",
]

[[package]]
name = "rustc_data_structures"
version = "0.0.0"
dependencies = [
 "arrayvec",
 "bitflags",
 "cfg-if 0.1.10",
 "ena",
 "indexmap",
 "jobserver",
 "libc",
 "measureme",
 "memmap2",
 "parking_lot",
 "rustc-hash",
 "rustc-rayon",
 "rustc-rayon-core",
 "rustc_graphviz",
 "rustc_index",
 "rustc_macros",
 "rustc_serialize",
 "smallvec",
 "stable_deref_trait",
 "stacker",
 "tempfile",
 "tracing",
 "winapi",
]

[[package]]
name = "rustc_driver"
version = "0.0.0"
dependencies = [
 "libc",
 "rustc_ast",
 "rustc_ast_pretty",
 "rustc_codegen_ssa",
 "rustc_const_eval",
 "rustc_data_structures",
 "rustc_error_codes",
 "rustc_errors",
 "rustc_feature",
 "rustc_hir",
 "rustc_hir_pretty",
 "rustc_interface",
 "rustc_lint",
 "rustc_log",
 "rustc_metadata",
 "rustc_middle",
 "rustc_parse",
 "rustc_plugin_impl",
 "rustc_save_analysis",
 "rustc_serialize",
 "rustc_session",
 "rustc_span",
 "rustc_target",
 "rustc_typeck",
 "tracing",
 "winapi",
]

[[package]]
name = "rustc_error_codes"
version = "0.0.0"

[[package]]
name = "rustc_errors"
version = "0.0.0"
dependencies = [
 "annotate-snippets",
 "atty",
 "rustc_data_structures",
 "rustc_lint_defs",
 "rustc_macros",
 "rustc_serialize",
 "rustc_span",
 "termcolor",
 "termize",
 "tracing",
 "unicode-width",
 "winapi",
]

[[package]]
name = "rustc_expand"
version = "0.0.0"
dependencies = [
 "rustc_ast",
 "rustc_ast_passes",
 "rustc_ast_pretty",
 "rustc_attr",
 "rustc_data_structures",
 "rustc_errors",
 "rustc_feature",
 "rustc_lexer",
 "rustc_lint_defs",
 "rustc_macros",
 "rustc_parse",
 "rustc_serialize",
 "rustc_session",
 "rustc_span",
 "smallvec",
 "tracing",
]

[[package]]
name = "rustc_feature"
version = "0.0.0"
dependencies = [
 "rustc_data_structures",
 "rustc_span",
]

[[package]]
name = "rustc_fs_util"
version = "0.0.0"

[[package]]
name = "rustc_graphviz"
version = "0.0.0"

[[package]]
name = "rustc_hir"
version = "0.0.0"
dependencies = [
 "odht",
 "rustc_ast",
 "rustc_data_structures",
 "rustc_feature",
 "rustc_index",
 "rustc_macros",
 "rustc_serialize",
 "rustc_span",
 "rustc_target",
 "smallvec",
 "tracing",
]

[[package]]
name = "rustc_hir_pretty"
version = "0.0.0"
dependencies = [
 "rustc_ast",
 "rustc_ast_pretty",
 "rustc_hir",
 "rustc_span",
 "rustc_target",
]

[[package]]
name = "rustc_incremental"
version = "0.0.0"
dependencies = [
 "rand 0.7.3",
 "rustc_ast",
 "rustc_data_structures",
 "rustc_errors",
 "rustc_fs_util",
 "rustc_graphviz",
 "rustc_hir",
 "rustc_macros",
 "rustc_middle",
 "rustc_serialize",
 "rustc_session",
 "rustc_span",
 "tracing",
]

[[package]]
name = "rustc_index"
version = "0.0.0"
dependencies = [
 "arrayvec",
 "rustc_macros",
 "rustc_serialize",
 "smallvec",
]

[[package]]
name = "rustc_infer"
version = "0.0.0"
dependencies = [
 "rustc_data_structures",
 "rustc_errors",
 "rustc_hir",
 "rustc_index",
 "rustc_macros",
 "rustc_middle",
 "rustc_serialize",
 "rustc_session",
 "rustc_span",
 "rustc_target",
 "smallvec",
 "tracing",
]

[[package]]
name = "rustc_interface"
version = "0.0.0"
dependencies = [
 "libc",
 "libloading",
 "rustc-rayon",
 "rustc-rayon-core",
 "rustc_ast",
 "rustc_ast_lowering",
 "rustc_ast_passes",
 "rustc_attr",
 "rustc_borrowck",
 "rustc_builtin_macros",
 "rustc_codegen_ssa",
 "rustc_const_eval",
 "rustc_data_structures",
 "rustc_errors",
 "rustc_expand",
 "rustc_hir",
 "rustc_incremental",
 "rustc_lint",
 "rustc_metadata",
 "rustc_middle",
 "rustc_mir_build",
 "rustc_mir_transform",
 "rustc_monomorphize",
 "rustc_parse",
 "rustc_passes",
 "rustc_plugin_impl",
 "rustc_privacy",
 "rustc_query_impl",
 "rustc_resolve",
 "rustc_serialize",
 "rustc_session",
 "rustc_span",
 "rustc_symbol_mangling",
 "rustc_trait_selection",
 "rustc_traits",
 "rustc_ty_utils",
 "rustc_typeck",
 "smallvec",
 "tempfile",
 "tracing",
 "winapi",
]

[[package]]
name = "rustc_lexer"
version = "0.1.0"
dependencies = [
 "unic-emoji-char",
 "unicode-xid",
]

[[package]]
name = "rustc_lint"
version = "0.0.0"
dependencies = [
 "if_chain",
 "rustc_ast",
 "rustc_ast_pretty",
 "rustc_attr",
 "rustc_data_structures",
 "rustc_errors",
 "rustc_feature",
 "rustc_hir",
 "rustc_index",
 "rustc_infer",
 "rustc_middle",
 "rustc_parse_format",
 "rustc_serialize",
 "rustc_session",
 "rustc_span",
 "rustc_target",
 "rustc_trait_selection",
 "tracing",
 "unicode-security",
]

[[package]]
name = "rustc_lint_defs"
version = "0.0.0"
dependencies = [
 "rustc_ast",
 "rustc_data_structures",
 "rustc_macros",
 "rustc_serialize",
 "rustc_span",
 "rustc_target",
]

[[package]]
name = "rustc_log"
version = "0.0.0"
dependencies = [
 "atty",
 "tracing",
 "tracing-subscriber",
 "tracing-tree",
]

[[package]]
name = "rustc_macros"
version = "0.1.0"
dependencies = [
 "proc-macro2",
 "quote",
 "syn",
 "synstructure",
]

[[package]]
name = "rustc_metadata"
version = "0.0.0"
dependencies = [
 "libloading",
 "odht",
 "rustc_ast",
 "rustc_attr",
 "rustc_data_structures",
 "rustc_errors",
 "rustc_expand",
 "rustc_feature",
 "rustc_hir",
 "rustc_hir_pretty",
 "rustc_index",
 "rustc_macros",
 "rustc_middle",
 "rustc_serialize",
 "rustc_session",
 "rustc_span",
 "rustc_target",
 "smallvec",
 "snap",
 "tracing",
]

[[package]]
name = "rustc_middle"
version = "0.0.0"
dependencies = [
 "bitflags",
 "chalk-ir",
 "either",
 "gsgdt",
 "polonius-engine",
 "rand 0.8.4",
 "rand_xoshiro",
 "rustc-rayon",
 "rustc-rayon-core",
 "rustc_apfloat",
 "rustc_arena",
 "rustc_ast",
 "rustc_attr",
 "rustc_data_structures",
 "rustc_errors",
 "rustc_feature",
 "rustc_graphviz",
 "rustc_hir",
 "rustc_index",
 "rustc_macros",
 "rustc_query_system",
 "rustc_serialize",
 "rustc_session",
 "rustc_span",
 "rustc_target",
 "rustc_type_ir",
 "smallvec",
 "tracing",
]

[[package]]
name = "rustc_mir_build"
version = "0.0.0"
dependencies = [
 "rustc_apfloat",
 "rustc_arena",
 "rustc_ast",
 "rustc_attr",
 "rustc_data_structures",
 "rustc_errors",
 "rustc_hir",
 "rustc_index",
 "rustc_infer",
 "rustc_middle",
 "rustc_serialize",
 "rustc_session",
 "rustc_span",
 "rustc_target",
 "rustc_trait_selection",
 "smallvec",
 "tracing",
]

[[package]]
name = "rustc_mir_dataflow"
version = "0.0.0"
dependencies = [
 "polonius-engine",
 "regex",
 "rustc_ast",
 "rustc_data_structures",
 "rustc_graphviz",
 "rustc_hir",
 "rustc_index",
 "rustc_middle",
 "rustc_serialize",
 "rustc_session",
 "rustc_span",
 "rustc_target",
 "smallvec",
 "tracing",
]

[[package]]
name = "rustc_mir_transform"
version = "0.0.0"
dependencies = [
 "itertools 0.9.0",
 "rustc_ast",
 "rustc_attr",
 "rustc_const_eval",
 "rustc_data_structures",
 "rustc_errors",
 "rustc_hir",
 "rustc_index",
 "rustc_middle",
 "rustc_mir_dataflow",
 "rustc_query_system",
 "rustc_serialize",
 "rustc_session",
 "rustc_span",
 "rustc_target",
 "rustc_trait_selection",
 "smallvec",
 "tracing",
]

[[package]]
name = "rustc_monomorphize"
version = "0.0.0"
dependencies = [
 "rustc_data_structures",
 "rustc_errors",
 "rustc_hir",
 "rustc_index",
 "rustc_middle",
 "rustc_session",
 "rustc_span",
 "rustc_target",
 "smallvec",
 "tracing",
]

[[package]]
name = "rustc_parse"
version = "0.0.0"
dependencies = [
 "bitflags",
 "rustc_ast",
 "rustc_ast_pretty",
 "rustc_data_structures",
 "rustc_errors",
 "rustc_feature",
 "rustc_lexer",
 "rustc_session",
 "rustc_span",
 "tracing",
 "unicode-normalization",
 "unicode-width",
]

[[package]]
name = "rustc_parse_format"
version = "0.0.0"
dependencies = [
 "rustc_lexer",
 "rustc_span",
]

[[package]]
name = "rustc_passes"
version = "0.0.0"
dependencies = [
 "rustc_ast",
 "rustc_ast_pretty",
 "rustc_attr",
 "rustc_data_structures",
 "rustc_errors",
 "rustc_feature",
 "rustc_hir",
 "rustc_index",
 "rustc_lexer",
 "rustc_middle",
 "rustc_parse",
 "rustc_serialize",
 "rustc_session",
 "rustc_span",
 "rustc_target",
 "tracing",
]

[[package]]
name = "rustc_plugin_impl"
version = "0.0.0"
dependencies = [
 "libloading",
 "rustc_ast",
 "rustc_errors",
 "rustc_hir",
 "rustc_lint",
 "rustc_metadata",
 "rustc_middle",
 "rustc_session",
 "rustc_span",
]

[[package]]
name = "rustc_privacy"
version = "0.0.0"
dependencies = [
 "rustc_ast",
 "rustc_attr",
 "rustc_data_structures",
 "rustc_errors",
 "rustc_hir",
 "rustc_middle",
 "rustc_session",
 "rustc_span",
 "rustc_trait_selection",
 "rustc_typeck",
 "tracing",
]

[[package]]
name = "rustc_query_impl"
version = "0.0.0"
dependencies = [
 "measureme",
 "rustc-rayon-core",
 "rustc_ast",
 "rustc_data_structures",
 "rustc_errors",
 "rustc_hir",
 "rustc_index",
 "rustc_macros",
 "rustc_middle",
 "rustc_query_system",
 "rustc_serialize",
 "rustc_session",
 "rustc_span",
]

[[package]]
name = "rustc_query_system"
version = "0.0.0"
dependencies = [
 "parking_lot",
 "rustc-rayon-core",
 "rustc_arena",
 "rustc_ast",
 "rustc_data_structures",
 "rustc_errors",
 "rustc_feature",
 "rustc_hir",
 "rustc_index",
 "rustc_macros",
 "rustc_serialize",
 "rustc_session",
 "rustc_span",
 "rustc_target",
 "smallvec",
 "tracing",
]

[[package]]
name = "rustc_resolve"
version = "0.0.0"
dependencies = [
 "bitflags",
 "rustc_arena",
 "rustc_ast",
 "rustc_ast_lowering",
 "rustc_ast_pretty",
 "rustc_attr",
 "rustc_data_structures",
 "rustc_errors",
 "rustc_expand",
 "rustc_feature",
 "rustc_hir",
 "rustc_index",
 "rustc_metadata",
 "rustc_middle",
 "rustc_query_system",
 "rustc_session",
 "rustc_span",
 "smallvec",
 "tracing",
]

[[package]]
name = "rustc_save_analysis"
version = "0.0.0"
dependencies = [
 "rls-data",
 "rls-span",
 "rustc_ast",
 "rustc_ast_pretty",
 "rustc_data_structures",
 "rustc_hir",
 "rustc_hir_pretty",
 "rustc_lexer",
 "rustc_middle",
 "rustc_session",
 "rustc_span",
 "serde_json",
 "tracing",
]

[[package]]
name = "rustc_serialize"
version = "0.0.0"
dependencies = [
 "indexmap",
 "smallvec",
]

[[package]]
name = "rustc_session"
version = "0.0.0"
dependencies = [
 "getopts",
 "num_cpus",
 "rustc_ast",
 "rustc_data_structures",
 "rustc_errors",
 "rustc_feature",
 "rustc_fs_util",
 "rustc_hir",
 "rustc_lint_defs",
 "rustc_macros",
 "rustc_serialize",
 "rustc_span",
 "rustc_target",
 "tracing",
]

[[package]]
name = "rustc_span"
version = "0.0.0"
dependencies = [
 "cfg-if 0.1.10",
 "md-5",
 "rustc_arena",
 "rustc_data_structures",
 "rustc_index",
 "rustc_macros",
 "rustc_serialize",
 "scoped-tls",
 "sha-1",
 "sha2",
 "tracing",
 "unicode-width",
]

[[package]]
name = "rustc_symbol_mangling"
version = "0.0.0"
dependencies = [
 "punycode",
 "rustc-demangle",
 "rustc_data_structures",
 "rustc_hir",
 "rustc_middle",
 "rustc_query_system",
 "rustc_session",
 "rustc_span",
 "rustc_target",
 "tracing",
]

[[package]]
name = "rustc_target"
version = "0.0.0"
dependencies = [
 "bitflags",
 "rustc_data_structures",
 "rustc_index",
 "rustc_macros",
 "rustc_serialize",
 "rustc_span",
 "tracing",
]

[[package]]
name = "rustc_trait_selection"
version = "0.0.0"
dependencies = [
 "rustc_ast",
 "rustc_attr",
 "rustc_data_structures",
 "rustc_errors",
 "rustc_hir",
 "rustc_index",
 "rustc_infer",
 "rustc_lint_defs",
 "rustc_macros",
 "rustc_middle",
 "rustc_parse_format",
 "rustc_query_system",
 "rustc_session",
 "rustc_span",
 "rustc_target",
 "smallvec",
 "tracing",
]

[[package]]
name = "rustc_traits"
version = "0.0.0"
dependencies = [
 "chalk-engine",
 "chalk-ir",
 "chalk-solve",
 "rustc_ast",
 "rustc_attr",
 "rustc_data_structures",
 "rustc_hir",
 "rustc_index",
 "rustc_infer",
 "rustc_middle",
 "rustc_span",
 "rustc_trait_selection",
 "smallvec",
 "tracing",
]

[[package]]
name = "rustc_ty_utils"
version = "0.0.0"
dependencies = [
 "rustc_data_structures",
 "rustc_errors",
 "rustc_hir",
 "rustc_infer",
 "rustc_middle",
 "rustc_session",
 "rustc_span",
 "rustc_target",
 "rustc_trait_selection",
 "tracing",
]

[[package]]
name = "rustc_type_ir"
version = "0.0.0"
dependencies = [
 "bitflags",
 "rustc_data_structures",
 "rustc_index",
 "rustc_macros",
 "rustc_serialize",
]

[[package]]
name = "rustc_typeck"
version = "0.0.0"
dependencies = [
 "rustc_arena",
 "rustc_ast",
 "rustc_attr",
 "rustc_data_structures",
 "rustc_errors",
 "rustc_hir",
 "rustc_hir_pretty",
 "rustc_index",
 "rustc_infer",
 "rustc_lint",
 "rustc_macros",
 "rustc_middle",
 "rustc_session",
 "rustc_span",
 "rustc_target",
 "rustc_trait_selection",
 "rustc_ty_utils",
 "smallvec",
 "tracing",
]

[[package]]
name = "ryu"
version = "1.0.9"
source = "registry+https://github.com/rust-lang/crates.io-index"
checksum = "73b4b750c782965c211b42f022f59af1fbceabdd026623714f104152f1ec149f"

[[package]]
name = "scoped-tls"
version = "1.0.0"
source = "registry+https://github.com/rust-lang/crates.io-index"
checksum = "ea6a9290e3c9cf0f18145ef7ffa62d68ee0bf5fcd651017e586dc7fd5da448c2"

[[package]]
name = "scopeguard"
version = "1.1.0"
source = "registry+https://github.com/rust-lang/crates.io-index"
checksum = "d29ab0c6d3fc0ee92fe66e2d99f700eab17a8d57d1c1d3b748380fb20baa78cd"

[[package]]
name = "serde"
version = "1.0.133"
source = "registry+https://github.com/rust-lang/crates.io-index"
checksum = "97565067517b60e2d1ea8b268e59ce036de907ac523ad83a0475da04e818989a"
dependencies = [
 "serde_derive",
]

[[package]]
name = "serde_derive"
version = "1.0.133"
source = "registry+https://github.com/rust-lang/crates.io-index"
checksum = "ed201699328568d8d08208fdd080e3ff594e6c422e438b6705905da01005d537"
dependencies = [
 "proc-macro2",
 "quote",
 "syn",
]

[[package]]
name = "serde_json"
version = "1.0.74"
source = "registry+https://github.com/rust-lang/crates.io-index"
checksum = "ee2bb9cd061c5865d345bb02ca49fcef1391741b672b54a0bf7b679badec3142"
dependencies = [
 "itoa",
 "ryu",
 "serde",
]

[[package]]
name = "sha-1"
version = "0.9.8"
source = "registry+https://github.com/rust-lang/crates.io-index"
checksum = "99cd6713db3cf16b6c84e06321e049a9b9f699826e16096d23bbcc44d15d51a6"
dependencies = [
 "block-buffer",
 "cfg-if 1.0.0",
 "cpufeatures",
 "digest",
 "opaque-debug",
]

[[package]]
name = "sha2"
version = "0.9.9"
source = "registry+https://github.com/rust-lang/crates.io-index"
checksum = "4d58a1e1bf39749807d89cf2d98ac2dfa0ff1cb3faa38fbb64dd88ac8013d800"
dependencies = [
 "block-buffer",
 "cfg-if 1.0.0",
 "cpufeatures",
 "digest",
 "opaque-debug",
]

[[package]]
name = "sharded-slab"
version = "0.1.4"
source = "registry+https://github.com/rust-lang/crates.io-index"
checksum = "900fba806f70c630b0a382d0d825e17a0f19fcd059a2ade1ff237bcddf446b31"
dependencies = [
 "lazy_static",
]

[[package]]
name = "smallvec"
version = "1.7.0"
source = "registry+https://github.com/rust-lang/crates.io-index"
checksum = "1ecab6c735a6bb4139c0caafd0cc3635748bbb3acf4550e8138122099251f309"

[[package]]
name = "snap"
version = "1.0.5"
source = "registry+https://github.com/rust-lang/crates.io-index"
checksum = "45456094d1983e2ee2a18fdfebce3189fa451699d0502cb8e3b49dba5ba41451"

[[package]]
name = "stable_deref_trait"
version = "1.2.0"
source = "registry+https://github.com/rust-lang/crates.io-index"
checksum = "a8f112729512f8e442d81f95a8a7ddf2b7c6b8a1a6f509a95864142b30cab2d3"

[[package]]
name = "stacker"
version = "0.1.14"
source = "registry+https://github.com/rust-lang/crates.io-index"
checksum = "90939d5171a4420b3ff5fbc8954d641e7377335454c259dcb80786f3f21dc9b4"
dependencies = [
 "cc",
 "cfg-if 1.0.0",
 "libc",
 "psm",
 "winapi",
]

[[package]]
name = "syn"
version = "1.0.85"
source = "registry+https://github.com/rust-lang/crates.io-index"
checksum = "a684ac3dcd8913827e18cd09a68384ee66c1de24157e3c556c9ab16d85695fb7"
dependencies = [
 "proc-macro2",
 "quote",
 "unicode-xid",
]

[[package]]
name = "synstructure"
version = "0.12.6"
source = "registry+https://github.com/rust-lang/crates.io-index"
checksum = "f36bdaa60a83aca3921b5259d5400cbf5e90fc51931376a9bd4a0eb79aa7210f"
dependencies = [
 "proc-macro2",
 "quote",
 "syn",
 "unicode-xid",
]

[[package]]
name = "tempfile"
version = "3.3.0"
source = "registry+https://github.com/rust-lang/crates.io-index"
checksum = "5cdb1ef4eaeeaddc8fbd371e5017057064af0911902ef36b39801f67cc6d79e4"
dependencies = [
 "cfg-if 1.0.0",
 "fastrand",
 "libc",
 "redox_syscall",
 "remove_dir_all",
 "winapi",
]

[[package]]
name = "termcolor"
version = "1.1.2"
source = "registry+https://github.com/rust-lang/crates.io-index"
checksum = "2dfed899f0eb03f32ee8c6a0aabdb8a7949659e3466561fc0adf54e26d88c5f4"
dependencies = [
 "winapi-util",
]

[[package]]
name = "termize"
version = "0.1.1"
source = "registry+https://github.com/rust-lang/crates.io-index"
checksum = "1706be6b564323ce7092f5f7e6b118a14c8ef7ed0e69c8c5329c914a9f101295"
dependencies = [
 "libc",
 "winapi",
]

[[package]]
name = "thorin-dwp"
version = "0.1.1"
source = "registry+https://github.com/rust-lang/crates.io-index"
checksum = "039d1fc0bfdb73910c2702893515580e38c192f47a987bc98ddd38a36f2d953a"
dependencies = [
 "gimli",
 "indexmap",
 "object 0.27.1",
 "tracing",
]

[[package]]
name = "thread_local"
version = "1.1.3"
source = "registry+https://github.com/rust-lang/crates.io-index"
checksum = "8018d24e04c95ac8790716a5987d0fec4f8b27249ffa0f7d33f1369bdfb88cbd"
dependencies = [
 "once_cell",
]

[[package]]
name = "tinyvec"
version = "1.5.1"
source = "registry+https://github.com/rust-lang/crates.io-index"
checksum = "2c1c1d5a42b6245520c249549ec267180beaffcc0615401ac8e31853d4b6d8d2"
dependencies = [
 "tinyvec_macros",
]

[[package]]
name = "tinyvec_macros"
version = "0.1.0"
source = "registry+https://github.com/rust-lang/crates.io-index"
checksum = "cda74da7e1a664f795bb1f8a87ec406fb89a02522cf6e50620d016add6dbbf5c"

[[package]]
name = "tracing"
version = "0.1.29"
source = "registry+https://github.com/rust-lang/crates.io-index"
checksum = "375a639232caf30edfc78e8d89b2d4c375515393e7af7e16f01cd96917fb2105"
dependencies = [
 "cfg-if 1.0.0",
 "pin-project-lite",
 "tracing-attributes",
 "tracing-core",
]

[[package]]
name = "tracing-attributes"
version = "0.1.18"
source = "registry+https://github.com/rust-lang/crates.io-index"
checksum = "f4f480b8f81512e825f337ad51e94c1eb5d3bbdf2b363dcd01e2b19a9ffe3f8e"
dependencies = [
 "proc-macro2",
 "quote",
 "syn",
]

[[package]]
name = "tracing-core"
version = "0.1.21"
source = "registry+https://github.com/rust-lang/crates.io-index"
checksum = "1f4ed65637b8390770814083d20756f87bfa2c21bf2f110babdc5438351746e4"
dependencies = [
 "lazy_static",
]

[[package]]
name = "tracing-log"
version = "0.1.2"
source = "registry+https://github.com/rust-lang/crates.io-index"
checksum = "a6923477a48e41c1951f1999ef8bb5a3023eb723ceadafe78ffb65dc366761e3"
dependencies = [
 "lazy_static",
 "log",
 "tracing-core",
]

[[package]]
name = "tracing-subscriber"
version = "0.3.5"
source = "registry+https://github.com/rust-lang/crates.io-index"
checksum = "5d81bfa81424cc98cb034b837c985b7a290f592e5b4322f353f94a0ab0f9f594"
dependencies = [
 "ansi_term",
 "lazy_static",
 "matchers",
 "parking_lot",
 "regex",
 "sharded-slab",
 "smallvec",
 "thread_local",
 "tracing",
 "tracing-core",
 "tracing-log",
]

[[package]]
name = "tracing-tree"
version = "0.2.0"
source = "registry+https://github.com/rust-lang/crates.io-index"
checksum = "3ce989c9962c7f61fe084dd4a230eec784649dfc2392467c790007c3a6e134e7"
dependencies = [
 "ansi_term",
 "atty",
 "tracing-core",
 "tracing-log",
 "tracing-subscriber",
]

[[package]]
name = "typenum"
version = "1.15.0"
source = "registry+https://github.com/rust-lang/crates.io-index"
checksum = "dcf81ac59edc17cc8697ff311e8f5ef2d99fcbd9817b34cec66f90b6c3dfd987"

[[package]]
name = "unic-char-property"
version = "0.9.0"
source = "registry+https://github.com/rust-lang/crates.io-index"
checksum = "a8c57a407d9b6fa02b4795eb81c5b6652060a15a7903ea981f3d723e6c0be221"
dependencies = [
 "unic-char-range",
]

[[package]]
name = "unic-char-range"
version = "0.9.0"
source = "registry+https://github.com/rust-lang/crates.io-index"
checksum = "0398022d5f700414f6b899e10b8348231abf9173fa93144cbc1a43b9793c1fbc"

[[package]]
name = "unic-common"
version = "0.9.0"
source = "registry+https://github.com/rust-lang/crates.io-index"
checksum = "80d7ff825a6a654ee85a63e80f92f054f904f21e7d12da4e22f9834a4aaa35bc"

[[package]]
name = "unic-emoji-char"
version = "0.9.0"
source = "registry+https://github.com/rust-lang/crates.io-index"
checksum = "0b07221e68897210270a38bde4babb655869637af0f69407f96053a34f76494d"
dependencies = [
 "unic-char-property",
 "unic-char-range",
 "unic-ucd-version",
]

[[package]]
name = "unic-ucd-version"
version = "0.9.0"
source = "registry+https://github.com/rust-lang/crates.io-index"
checksum = "96bd2f2237fe450fcd0a1d2f5f4e91711124f7857ba2e964247776ebeeb7b0c4"
dependencies = [
 "unic-common",
]

[[package]]
name = "unicode-normalization"
version = "0.1.19"
source = "registry+https://github.com/rust-lang/crates.io-index"
checksum = "d54590932941a9e9266f0832deed84ebe1bf2e4c9e4a3554d393d18f5e854bf9"
dependencies = [
 "tinyvec",
]

[[package]]
name = "unicode-script"
version = "0.5.4"
source = "registry+https://github.com/rust-lang/crates.io-index"
checksum = "58dd944fd05f2f0b5c674917aea8a4df6af84f2d8de3fe8d988b95d28fb8fb09"

[[package]]
name = "unicode-security"
version = "0.0.5"
source = "registry+https://github.com/rust-lang/crates.io-index"
checksum = "5d87c28edc5b263377e448d6cdcb935c06b95413d8013ba6fae470558ccab18f"
dependencies = [
 "unicode-normalization",
 "unicode-script",
]

[[package]]
name = "unicode-width"
version = "0.1.9"
source = "registry+https://github.com/rust-lang/crates.io-index"
checksum = "3ed742d4ea2bd1176e236172c8429aaf54486e7ac098db29ffe6529e0ce50973"

[[package]]
name = "unicode-xid"
version = "0.2.2"
source = "registry+https://github.com/rust-lang/crates.io-index"
checksum = "8ccb82d61f80a663efe1f787a51b16b5a51e3314d6ac365b08639f52387b33f3"

[[package]]
name = "version_check"
version = "0.9.4"
source = "registry+https://github.com/rust-lang/crates.io-index"
checksum = "49874b5167b65d7193b8aba1567f5c7d93d001cafc34600cee003eda787e483f"

[[package]]
name = "wasi"
version = "0.9.0+wasi-snapshot-preview1"
source = "registry+https://github.com/rust-lang/crates.io-index"
checksum = "cccddf32554fecc6acb585f82a32a72e28b48f8c4c1883ddfeeeaa96f7d8e519"

[[package]]
name = "wasi"
version = "0.10.2+wasi-snapshot-preview1"
source = "registry+https://github.com/rust-lang/crates.io-index"
checksum = "fd6fbd9a79829dd1ad0cc20627bf1ed606756a7f77edff7b66b7064f9cb327c6"

[[package]]
name = "winapi"
version = "0.3.9"
source = "registry+https://github.com/rust-lang/crates.io-index"
checksum = "5c839a674fcd7a98952e593242ea400abe93992746761e38641405d28b00f419"
dependencies = [
 "winapi-i686-pc-windows-gnu",
 "winapi-x86_64-pc-windows-gnu",
]

[[package]]
name = "winapi-i686-pc-windows-gnu"
version = "0.4.0"
source = "registry+https://github.com/rust-lang/crates.io-index"
checksum = "ac3b87c63620426dd9b991e5ce0329eff545bccbbb34f3be09ff6fb6ab51b7b6"

[[package]]
name = "winapi-util"
version = "0.1.5"
source = "registry+https://github.com/rust-lang/crates.io-index"
checksum = "70ec6ce85bb158151cae5e5c87f95a8e97d2c0c4b001223f33a334e3ce5de178"
dependencies = [
 "winapi",
]

[[package]]
name = "winapi-x86_64-pc-windows-gnu"
version = "0.4.0"
source = "registry+https://github.com/rust-lang/crates.io-index"
checksum = "712e227841d057c1ee1cd2fb22fa7e5a5461ae8e48fa2ca79ec42cfc1931183f"
